Microsoft Visual Studio Solution File, Format Version 12.00
# Visual Studio Version 16
VisualStudioVersion = 16.0.28803.202
MinimumVisualStudioVersion = 10.0.40219.1
Project("{FAE04EC0-301F-11D3-BF4B-00C04F79EFBC}") = "Hero Designer", "Hero Designer.csproj", "{636055D3-E268-459B-A39D-8A5F8E8164C4}"
EndProject
Global
	GlobalSection(SolutionConfigurationPlatforms) = preSolution
		Debug|Any CPU = Debug|Any CPU
		Release|Any CPU = Release|Any CPU
	EndGlobalSection
	GlobalSection(ProjectConfigurationPlatforms) = postSolution
		{636055D3-E268-459B-A39D-8A5F8E8164C4}.Debug|Any CPU.ActiveCfg = Release|Any CPU
		{636055D3-E268-459B-A39D-8A5F8E8164C4}.Debug|Any CPU.Build.0 = Release|Any CPU
		{636055D3-E268-459B-A39D-8A5F8E8164C4}.Release|Any CPU.ActiveCfg = Release|Any CPU
		{636055D3-E268-459B-A39D-8A5F8E8164C4}.Release|Any CPU.Build.0 = Release|Any CPU
	EndGlobalSection
	GlobalSection(SolutionProperties) = preSolution
		HideSolutionNode = FALSE
	EndGlobalSection
	GlobalSection(ExtensibilityGlobals) = postSolution
		SolutionGuid = {154938B1-B451-4AE7-85D4-DEA0C649279F}
	EndGlobalSection
EndGlobal
